{
    "_meta": {
        "hash": {
            "sha256": "d584f03dc32a58a817f96090faa88008a7dfe619a6c9d8dd0ec3b7744cd31379"
        },
        "pipfile-spec": 6,
        "requires": {
            "python_version": "3.6"
        },
        "sources": [
            {
                "name": "pypi",
                "url": "https://pypi.org/simple",
                "verify_ssl": true
            }
        ]
    },
    "default": {
        "certifi": {
            "hashes": [
                "sha256:339dc09518b07e2fa7eda5450740925974815557727d6bd35d319c1524a04a4c",
                "sha256:6d58c986d22b038c8c0df30d639f23a3e6d172a05c3583e766f4c0b785c0986a"
            ],
            "version": "==2018.10.15"
        },
        "chardet": {
            "hashes": [
                "sha256:84ab92ed1c4d4f16916e05906b6b75a6c0fb5db821cc65e70cbd64a3e2a5eaae",
                "sha256:fc323ffcaeaed0e0a02bf4d117757b98aed530d9ed4531e3e15460124c106691"
            ],
            "version": "==3.0.4"
        },
        "click": {
            "hashes": [
                "sha256:2335065e6395b9e67ca716de5f7526736bfa6ceead690adf616d925bdc622b13",
                "sha256:5b94b49521f6456670fdb30cd82a4eca9412788a93fa6dd6df72c94d5a8ff2d7"
            ],
            "version": "==7.0"
        },
        "flask": {
            "hashes": [
                "sha256:2271c0070dbcb5275fad4a82e29f23ab92682dc45f9dfbc22c02ba9b9322ce48",
                "sha256:a080b744b7e345ccfcbc77954861cb05b3c63786e93f2b3875e0913d44b43f05"
            ],
            "index": "pypi",
            "version": "==1.0.2"
        },
        "flask-session": {
            "hashes": [
                "sha256:a31c27e0c3287f00c825b3d9625aba585f4df4cccedb1e7dd5a69a215881a731",
                "sha256:b9b32126bfc52c3169089f2ed9a40e34b589527bda48b633428e07d39d9c8792"
            ],
            "index": "pypi",
            "version": "==0.3.1"
        },
        "gunicorn": {
            "hashes": [
                "sha256:aa8e0b40b4157b36a5df5e599f45c9c76d6af43845ba3b3b0efe2c70473c2471",
                "sha256:fa2662097c66f920f53f70621c6c58ca4a3c4d3434205e608e121b5b3b71f4f3"
            ],
            "index": "pypi",
            "version": "==19.9.0"
        },
        "idna": {
            "hashes": [
                "sha256:156a6814fb5ac1fc6850fb002e0852d56c0c8d2531923a51032d1b70760e186e",
                "sha256:684a38a6f903c1d71d6d5fac066b58d7768af4de2b832e426ec79c30daa94a16"
            ],
            "version": "==2.7"
        },
        "itsdangerous": {
            "hashes": [
                "sha256:321b033d07f2a4136d3ec762eac9f16a10ccd60f53c0c91af90217ace7ba1f19",
                "sha256:b12271b2047cb23eeb98c8b5622e2e5c5e9abd9784a153e9d8ef9cb4dd09d749"
            ],
            "version": "==1.1.0"
        },
        "jinja2": {
            "hashes": [
                "sha256:74c935a1b8bb9a3947c50a54766a969d4846290e1e788ea44c1392163723c3bd",
                "sha256:f84be1bb0040caca4cea721fcbbbbd61f9be9464ca236387158b0feea01914a4"
            ],
            "version": "==2.10"
        },
        "markdown": {
            "hashes": [
                "sha256:c00429bd503a47ec88d5e30a751e147dcb4c6889663cd3e2ba0afe858e009baa",
                "sha256:d02e0f9b04c500cde6637c11ad7c72671f359b87b9fe924b2383649d8841db7c"
            ],
            "index": "pypi",
            "version": "==3.0.1"
        },
        "markupsafe": {
            "hashes": [
                "sha256:048ef924c1623740e70204aa7143ec592504045ae4429b59c30054cb31e3c432",
                "sha256:130f844e7f5bdd8e9f3f42e7102ef1d49b2e6fdf0d7526df3f87281a532d8c8b",
                "sha256:19f637c2ac5ae9da8bfd98cef74d64b7e1bb8a63038a3505cd182c3fac5eb4d9",
                "sha256:1b8a7a87ad1b92bd887568ce54b23565f3fd7018c4180136e1cf412b405a47af",
                "sha256:1c25694ca680b6919de53a4bb3bdd0602beafc63ff001fea2f2fc16ec3a11834",
                "sha256:1f19ef5d3908110e1e891deefb5586aae1b49a7440db952454b4e281b41620cd",
                "sha256:1fa6058938190ebe8290e5cae6c351e14e7bb44505c4a7624555ce57fbbeba0d",
                "sha256:31cbb1359e8c25f9f48e156e59e2eaad51cd5242c05ed18a8de6dbe85184e4b7",
                "sha256:3e835d8841ae7863f64e40e19477f7eb398674da6a47f09871673742531e6f4b",
                "sha256:4e97332c9ce444b0c2c38dd22ddc61c743eb208d916e4265a2a3b575bdccb1d3",
                "sha256:525396ee324ee2da82919f2ee9c9e73b012f23e7640131dd1b53a90206a0f09c",
                "sha256:52b07fbc32032c21ad4ab060fec137b76eb804c4b9a1c7c7dc562549306afad2",
                "sha256:52ccb45e77a1085ec5461cde794e1aa037df79f473cbc69b974e73940655c8d7",
                "sha256:5c3fbebd7de20ce93103cb3183b47671f2885307df4a17a0ad56a1dd51273d36",
                "sha256:5e5851969aea17660e55f6a3be00037a25b96a9b44d2083651812c99d53b14d1",
                "sha256:5edfa27b2d3eefa2210fb2f5d539fbed81722b49f083b2c6566455eb7422fd7e",
                "sha256:7d263e5770efddf465a9e31b78362d84d015cc894ca2c131901a4445eaa61ee1",
                "sha256:83381342bfc22b3c8c06f2dd93a505413888694302de25add756254beee8449c",
                "sha256:857eebb2c1dc60e4219ec8e98dfa19553dae33608237e107db9c6078b1167856",
                "sha256:98e439297f78fca3a6169fd330fbe88d78b3bb72f967ad9961bcac0d7fdd1550",
                "sha256:bf54103892a83c64db58125b3f2a43df6d2cb2d28889f14c78519394feb41492",
                "sha256:d9ac82be533394d341b41d78aca7ed0e0f4ba5a2231602e2f05aa87f25c51672",
                "sha256:e982fe07ede9fada6ff6705af70514a52beb1b2c3d25d4e873e82114cf3c5401",
                "sha256:edce2ea7f3dfc981c4ddc97add8a61381d9642dc3273737e756517cc03e84dd6",
                "sha256:efdc45ef1afc238db84cb4963aa689c0408912a0239b0721cb172b4016eb31d6",
                "sha256:f137c02498f8b935892d5c0172560d7ab54bc45039de8805075e19079c639a9c",
                "sha256:f82e347a72f955b7017a39708a3667f106e6ad4d10b25f237396a7115d8ed5fd",
                "sha256:fb7c206e01ad85ce57feeaaa0bf784b97fa3cad0d4a5737bc5295785f5c613a1"
            ],
            "version": "==1.1.0"
        },
        "psycopg2": {
            "hashes": [
                "sha256:04e3d511ddb7890b0b4be750aedc4eb586e54404adb5cf81f6fdab267030a608",
                "sha256:05c38e34c5f8ee65506e25be6fe43fcbc8baf6cb21180f1ddd67bd3199b0e881",
                "sha256:06993c70f5fe9dad3b83c97fe34bc1946d00745182db3c84bdcab625e685976f",
                "sha256:1603a04f8d7198694cab546ead9b7749d3ddce7a482cc01be2fb29108fb88650",
                "sha256:17875d890129d2e4ce6cc6afa560a3ce6af29ec118a597ff9881f36f28b66f10",
                "sha256:20ac04da606736f9ad57e646edbd1485aae28df26b222efa10d2af306a0329c6",
                "sha256:324fdaec15fe94356cd3c58d6a24dce472227d1c6132bded0de60339208150ef",
                "sha256:33e151d5afe42230e5576f6c4f6f677750b615a0e773d89711935d0df460b060",
                "sha256:3767f40bb35713ccc75dbcff80bf228a75e080d6b98c78afd5fb9aa84682a9f4",
                "sha256:39113d27ca3a482ac54445f4f31f61e22c7c04968663dea71ac4767b764703a7",
                "sha256:3d109eaa42f9e9ca6b2574e5014e5b01af237e970b2984e17c8dfde7204b432e",
                "sha256:3f33afd7dbe0b912b76c41fdecc0d8e716dbf1252348ccf207d0ace70c9fe0da",
                "sha256:4eb0b86d1965c96f3cc0c4c7779bff743b48ee9474e5e412d3a39c68b55db80e",
                "sha256:59460f001eacf37e1faec7bf0564a8d458d9aa74dec63b6c0664c2a292fff51f",
                "sha256:64641c31b8a7607ad917de1141add23fc1d25fa02f06d62d3ac018e1115a7d40",
                "sha256:65a50d651a60214e837c2625a46eb0717c246334bd314a37d1655e6284f62be9",
                "sha256:76baf7b42cf98e89d55ef04a86053173601e37a8bcc219c2bfd4f54a5743e834",
                "sha256:857c9b055d8028d7a41868cb0ae850ac45b920726bab3b1097eeb3d67d04574e",
                "sha256:86fbdedf0f522475180c64916c2cd43a669291427e5c66ff0cb2947588fe738c",
                "sha256:8977377e7c7ac777b7b8b9fa22a206dc37b17dde8061770a69d26cee25a16000",
                "sha256:9518e2acba890de50308afa435e0ae60ff9f328457902dc54a9fb6e1dc8cf67f",
                "sha256:95a68f97b4b5b9dd272db5bce0ac2799c9e5fd112d7528c791c5704e2b06dc20",
                "sha256:a943d292a3786d9c6ae33d68d600e94033a323621d364b6a247cdfa2f56424d1",
                "sha256:c1a0d2c07818dc28ffa67d0687e5b21c7bae55fe8a63021b26cf610ca83718f8",
                "sha256:c30f8861f2496d265c9e4a201dd584400dfab86ca945fdd4e2515f831742bcdc",
                "sha256:c504d5bff8ed8b437f82361717d4936f05b02c48f00ddcd2b5d539d41cef9afa",
                "sha256:c56e397964e61144d5b0a5fe520edf997b4fd2b1fa3abf8214d8a834da4216d9",
                "sha256:d97e93e485d83744041aa844b93089650ceaaff8241eb0b2b8bef200fd82edec",
                "sha256:dca7f3684205337bee736cbf5bfea6012d075de7de6383c987408c301956a9ed",
                "sha256:ea51262c8841ac640c6c71697945e87aa5dcf28c2ebb5c75747066bdb759e801",
                "sha256:f55ff0c9fae764814cb6d0b7f85380d00665915f9ae3a750e8389bc86f1b336b"
            ],
            "index": "pypi",
            "version": "==2.7.2"
        },
        "pygmail": {
            "hashes": [
                "sha256:902ad09f96957cc435ae953de3fb47f59d0646d888a019f25650124faaf01caf"
            ],
            "index": "pypi",
            "version": "==0.0.5.4"
        },
        "python-http-client": {
            "hashes": [
                "sha256:7e430f4b9dd2b621b0051f6a362f103447ea8e267594c602a5c502a0c694ee38"
            ],
            "version": "==3.1.0"
        },
        "requests": {
            "hashes": [
                "sha256:65b3a120e4329e33c9889db89c80976c5272f56ea92d3e74da8a463992e3ff54",
                "sha256:ea881206e59f41dbd0bd445437d792e43906703fff75ca8ff43ccdb11f33f263"
            ],
            "index": "pypi",
            "version": "==2.20.1"
        },
        "sendgrid": {
            "hashes": [
                "sha256:1d043c0c04f45fc9f119146bb62bad32ff074dc7688ce7e556be946672301f59",
                "sha256:804cad97607c7885e302dd42754ddbee046567d1509020048e1d44d3c7024679"
            ],
            "index": "pypi",
            "version": "==3.6.3"
        },
        "urllib3": {
            "hashes": [
                "sha256:61bf29cada3fc2fbefad4fdf059ea4bd1b4a86d2b6d15e1c7c0b582b9752fe39",
                "sha256:de9529817c93f27c8ccbfead6985011db27bd0ddfcdb2d86f3f663385c6a9c22"
            ],
            "version": "==1.24.1"
        },
        "werkzeug": {
            "hashes": [
                "sha256:c3fd7a7d41976d9f44db327260e263132466836cef6f91512889ed60ad26557c",
                "sha256:d5da73735293558eb1651ee2fddc4d0dedcfa06538b8813a2e20011583c9e49b"
            ],
            "version": "==0.14.1"
        }
    },
    "develop": {}
}
